
Microsoft Visual Studio Solution File, Format Version 12.00
# Visual Studio 14
VisualStudioVersion = 14.0.25420.1
MinimumVisualStudioVersion = 10.0.40219.1
Project("{B1E792BE-AA5F-4E3C-8C82-674BF9C0715B}") = "Test_Tc3_PLCopen_OpcUa", "Test_Tc3_PLCopen_OpcUa.tsproj", "{EDA7E737-B31E-4BF9-AC23-5195B441149A}"
EndProject
Global
	GlobalSection(SolutionConfigurationPlatforms) = preSolution
		Debug|TwinCAT CE7 (ARMV7) = Debug|TwinCAT CE7 (ARMV7)
		Debug|TwinCAT OS (ARMT2) = Debug|TwinCAT OS (ARMT2)
		Debug|TwinCAT RT (x64) = Debug|TwinCAT RT (x64)
		Debug|TwinCAT RT (x86) = Debug|TwinCAT RT (x86)
		Release|TwinCAT CE7 (ARMV7) = Release|TwinCAT CE7 (ARMV7)
		Release|TwinCAT OS (ARMT2) = Release|TwinCAT OS (ARMT2)
		Release|TwinCAT RT (x64) = Release|TwinCAT RT (x64)
		Release|TwinCAT RT (x86) = Release|TwinCAT RT (x86)
	EndGlobalSection
	GlobalSection(ProjectConfigurationPlatforms) = postSolution
		{EDA7E737-B31E-4BF9-AC23-5195B441149A}.Debug|TwinCAT CE7 (ARMV7).ActiveCfg = Debug|TwinCAT CE7 (ARMV7)
		{EDA7E737-B31E-4BF9-AC23-5195B441149A}.Debug|TwinCAT CE7 (ARMV7).Build.0 = Debug|TwinCAT CE7 (ARMV7)
		{EDA7E737-B31E-4BF9-AC23-5195B441149A}.Debug|TwinCAT OS (ARMT2).ActiveCfg = Debug|TwinCAT OS (ARMT2)
		{EDA7E737-B31E-4BF9-AC23-5195B441149A}.Debug|TwinCAT OS (ARMT2).Build.0 = Debug|TwinCAT OS (ARMT2)
		{EDA7E737-B31E-4BF9-AC23-5195B441149A}.Debug|TwinCAT RT (x64).ActiveCfg = Debug|TwinCAT RT (x64)
		{EDA7E737-B31E-4BF9-AC23-5195B441149A}.Debug|TwinCAT RT (x64).Build.0 = Debug|TwinCAT RT (x64)
		{EDA7E737-B31E-4BF9-AC23-5195B441149A}.Debug|TwinCAT RT (x86).ActiveCfg = Debug|TwinCAT RT (x86)
		{EDA7E737-B31E-4BF9-AC23-5195B441149A}.Debug|TwinCAT RT (x86).Build.0 = Debug|TwinCAT RT (x86)
		{EDA7E737-B31E-4BF9-AC23-5195B441149A}.Release|TwinCAT CE7 (ARMV7).ActiveCfg = Release|TwinCAT CE7 (ARMV7)
		{EDA7E737-B31E-4BF9-AC23-5195B441149A}.Release|TwinCAT CE7 (ARMV7).Build.0 = Release|TwinCAT CE7 (ARMV7)
		{EDA7E737-B31E-4BF9-AC23-5195B441149A}.Release|TwinCAT OS (ARMT2).ActiveCfg = Release|TwinCAT OS (ARMT2)
		{EDA7E737-B31E-4BF9-AC23-5195B441149A}.Release|TwinCAT OS (ARMT2).Build.0 = Release|TwinCAT OS (ARMT2)
		{EDA7E737-B31E-4BF9-AC23-5195B441149A}.Release|TwinCAT RT (x64).ActiveCfg = Release|TwinCAT RT (x64)
		{EDA7E737-B31E-4BF9-AC23-5195B441149A}.Release|TwinCAT RT (x64).Build.0 = Release|TwinCAT RT (x64)
		{EDA7E737-B31E-4BF9-AC23-5195B441149A}.Release|TwinCAT RT (x86).ActiveCfg = Release|TwinCAT RT (x86)
		{EDA7E737-B31E-4BF9-AC23-5195B441149A}.Release|TwinCAT RT (x86).Build.0 = Release|TwinCAT RT (x86)
		{CC00EA06-4225-4B10-89E8-2F3425B8997C}.Debug|TwinCAT CE7 (ARMV7).ActiveCfg = Debug|TwinCAT CE7 (ARMV7)
		{CC00EA06-4225-4B10-89E8-2F3425B8997C}.Debug|TwinCAT CE7 (ARMV7).Build.0 = Debug|TwinCAT CE7 (ARMV7)
		{CC00EA06-4225-4B10-89E8-2F3425B8997C}.Debug|TwinCAT OS (ARMT2).ActiveCfg = Debug|TwinCAT OS (ARMT2)
		{CC00EA06-4225-4B10-89E8-2F3425B8997C}.Debug|TwinCAT OS (ARMT2).Build.0 = Debug|TwinCAT OS (ARMT2)
		{CC00EA06-4225-4B10-89E8-2F3425B8997C}.Debug|TwinCAT RT (x64).ActiveCfg = Debug|TwinCAT RT (x64)
		{CC00EA06-4225-4B10-89E8-2F3425B8997C}.Debug|TwinCAT RT (x64).Build.0 = Debug|TwinCAT RT (x64)
		{CC00EA06-4225-4B10-89E8-2F3425B8997C}.Debug|TwinCAT RT (x86).ActiveCfg = Debug|TwinCAT RT (x86)
		{CC00EA06-4225-4B10-89E8-2F3425B8997C}.Debug|TwinCAT RT (x86).Build.0 = Debug|TwinCAT RT (x86)
		{CC00EA06-4225-4B10-89E8-2F3425B8997C}.Release|TwinCAT CE7 (ARMV7).ActiveCfg = Release|TwinCAT CE7 (ARMV7)
		{CC00EA06-4225-4B10-89E8-2F3425B8997C}.Release|TwinCAT CE7 (ARMV7).Build.0 = Release|TwinCAT CE7 (ARMV7)
		{CC00EA06-4225-4B10-89E8-2F3425B8997C}.Release|TwinCAT OS (ARMT2).ActiveCfg = Release|TwinCAT OS (ARMT2)
		{CC00EA06-4225-4B10-89E8-2F3425B8997C}.Release|TwinCAT OS (ARMT2).Build.0 = Release|TwinCAT OS (ARMT2)
		{CC00EA06-4225-4B10-89E8-2F3425B8997C}.Release|TwinCAT RT (x64).ActiveCfg = Release|TwinCAT RT (x64)
		{CC00EA06-4225-4B10-89E8-2F3425B8997C}.Release|TwinCAT RT (x64).Build.0 = Release|TwinCAT RT (x64)
		{CC00EA06-4225-4B10-89E8-2F3425B8997C}.Release|TwinCAT RT (x86).ActiveCfg = Release|TwinCAT RT (x86)
		{CC00EA06-4225-4B10-89E8-2F3425B8997C}.Release|TwinCAT RT (x86).Build.0 = Release|TwinCAT RT (x86)
	EndGlobalSection
	GlobalSection(SolutionProperties) = preSolution
		HideSolutionNode = FALSE
	EndGlobalSection
EndGlobal
