
Microsoft Visual Studio Solution File, Format Version 12.00
# Visual Studio Version 18
VisualStudioVersion = 18.7.11903.348
MinimumVisualStudioVersion = 10.0.40219.1
Project("{B1E792BE-AA5F-4E3C-8C82-674BF9C0715B}") = "TF6100_OpcUa_Client_Sample_IO", "TF6100_OpcUa_Client_Sample_IO\TF6100_OpcUa_Client_Sample_IO.tsproj", "{A22561AD-0312-4069-90A3-A1F3AEC4F461}"
EndProject
Global
	GlobalSection(SolutionConfigurationPlatforms) = preSolution
		Debug|TwinCAT OS (ARMV7-A) = Debug|TwinCAT OS (ARMV7-A)
		Debug|TwinCAT OS (ARMV7-M) = Debug|TwinCAT OS (ARMV7-M)
		Debug|TwinCAT OS (ARMV8-A) = Debug|TwinCAT OS (ARMV8-A)
		Debug|TwinCAT OS (x64) = Debug|TwinCAT OS (x64)
		Debug|TwinCAT OS (x64-E) = Debug|TwinCAT OS (x64-E)
		Debug|TwinCAT RT (x64) = Debug|TwinCAT RT (x64)
		Debug|TwinCAT RT (x86) = Debug|TwinCAT RT (x86)
		Release|TwinCAT OS (ARMV7-A) = Release|TwinCAT OS (ARMV7-A)
		Release|TwinCAT OS (ARMV7-M) = Release|TwinCAT OS (ARMV7-M)
		Release|TwinCAT OS (ARMV8-A) = Release|TwinCAT OS (ARMV8-A)
		Release|TwinCAT OS (x64) = Release|TwinCAT OS (x64)
		Release|TwinCAT OS (x64-E) = Release|TwinCAT OS (x64-E)
		Release|TwinCAT RT (x64) = Release|TwinCAT RT (x64)
		Release|TwinCAT RT (x86) = Release|TwinCAT RT (x86)
	EndGlobalSection
	GlobalSection(ProjectConfigurationPlatforms) = postSolution
		{A22561AD-0312-4069-90A3-A1F3AEC4F461}.Debug|TwinCAT OS (ARMV7-A).ActiveCfg = Debug|TwinCAT OS (ARMV7-A)
		{A22561AD-0312-4069-90A3-A1F3AEC4F461}.Debug|TwinCAT OS (ARMV7-A).Build.0 = Debug|TwinCAT OS (ARMV7-A)
		{A22561AD-0312-4069-90A3-A1F3AEC4F461}.Debug|TwinCAT OS (ARMV7-M).ActiveCfg = Debug|TwinCAT OS (ARMV7-M)
		{A22561AD-0312-4069-90A3-A1F3AEC4F461}.Debug|TwinCAT OS (ARMV7-M).Build.0 = Debug|TwinCAT OS (ARMV7-M)
		{A22561AD-0312-4069-90A3-A1F3AEC4F461}.Debug|TwinCAT OS (ARMV8-A).ActiveCfg = Debug|TwinCAT OS (ARMV8-A)
		{A22561AD-0312-4069-90A3-A1F3AEC4F461}.Debug|TwinCAT OS (ARMV8-A).Build.0 = Debug|TwinCAT OS (ARMV8-A)
		{A22561AD-0312-4069-90A3-A1F3AEC4F461}.Debug|TwinCAT OS (x64).ActiveCfg = Debug|TwinCAT OS (x64)
		{A22561AD-0312-4069-90A3-A1F3AEC4F461}.Debug|TwinCAT OS (x64).Build.0 = Debug|TwinCAT OS (x64)
		{A22561AD-0312-4069-90A3-A1F3AEC4F461}.Debug|TwinCAT OS (x64-E).ActiveCfg = Debug|TwinCAT OS (x64-E)
		{A22561AD-0312-4069-90A3-A1F3AEC4F461}.Debug|TwinCAT OS (x64-E).Build.0 = Debug|TwinCAT OS (x64-E)
		{A22561AD-0312-4069-90A3-A1F3AEC4F461}.Debug|TwinCAT RT (x64).ActiveCfg = Debug|TwinCAT RT (x64)
		{A22561AD-0312-4069-90A3-A1F3AEC4F461}.Debug|TwinCAT RT (x64).Build.0 = Debug|TwinCAT RT (x64)
		{A22561AD-0312-4069-90A3-A1F3AEC4F461}.Debug|TwinCAT RT (x86).ActiveCfg = Debug|TwinCAT RT (x86)
		{A22561AD-0312-4069-90A3-A1F3AEC4F461}.Debug|TwinCAT RT (x86).Build.0 = Debug|TwinCAT RT (x86)
		{A22561AD-0312-4069-90A3-A1F3AEC4F461}.Release|TwinCAT OS (ARMV7-A).ActiveCfg = Release|TwinCAT OS (ARMV7-A)
		{A22561AD-0312-4069-90A3-A1F3AEC4F461}.Release|TwinCAT OS (ARMV7-A).Build.0 = Release|TwinCAT OS (ARMV7-A)
		{A22561AD-0312-4069-90A3-A1F3AEC4F461}.Release|TwinCAT OS (ARMV7-M).ActiveCfg = Release|TwinCAT OS (ARMV7-M)
		{A22561AD-0312-4069-90A3-A1F3AEC4F461}.Release|TwinCAT OS (ARMV7-M).Build.0 = Release|TwinCAT OS (ARMV7-M)
		{A22561AD-0312-4069-90A3-A1F3AEC4F461}.Release|TwinCAT OS (ARMV8-A).ActiveCfg = Release|TwinCAT OS (ARMV8-A)
		{A22561AD-0312-4069-90A3-A1F3AEC4F461}.Release|TwinCAT OS (ARMV8-A).Build.0 = Release|TwinCAT OS (ARMV8-A)
		{A22561AD-0312-4069-90A3-A1F3AEC4F461}.Release|TwinCAT OS (x64).ActiveCfg = Release|TwinCAT OS (x64)
		{A22561AD-0312-4069-90A3-A1F3AEC4F461}.Release|TwinCAT OS (x64).Build.0 = Release|TwinCAT OS (x64)
		{A22561AD-0312-4069-90A3-A1F3AEC4F461}.Release|TwinCAT OS (x64-E).ActiveCfg = Release|TwinCAT OS (x64-E)
		{A22561AD-0312-4069-90A3-A1F3AEC4F461}.Release|TwinCAT OS (x64-E).Build.0 = Release|TwinCAT OS (x64-E)
		{A22561AD-0312-4069-90A3-A1F3AEC4F461}.Release|TwinCAT RT (x64).ActiveCfg = Release|TwinCAT RT (x64)
		{A22561AD-0312-4069-90A3-A1F3AEC4F461}.Release|TwinCAT RT (x64).Build.0 = Release|TwinCAT RT (x64)
		{A22561AD-0312-4069-90A3-A1F3AEC4F461}.Release|TwinCAT RT (x86).ActiveCfg = Release|TwinCAT RT (x86)
		{A22561AD-0312-4069-90A3-A1F3AEC4F461}.Release|TwinCAT RT (x86).Build.0 = Release|TwinCAT RT (x86)
		{B8785161-7A75-4C2E-9F06-7BDE259F4F3D}.Debug|TwinCAT OS (ARMV7-A).ActiveCfg = Debug|TwinCAT OS (ARMV7-A)
		{B8785161-7A75-4C2E-9F06-7BDE259F4F3D}.Debug|TwinCAT OS (ARMV7-A).Build.0 = Debug|TwinCAT OS (ARMV7-A)
		{B8785161-7A75-4C2E-9F06-7BDE259F4F3D}.Debug|TwinCAT OS (ARMV7-M).ActiveCfg = Debug|TwinCAT OS (ARMV7-M)
		{B8785161-7A75-4C2E-9F06-7BDE259F4F3D}.Debug|TwinCAT OS (ARMV7-M).Build.0 = Debug|TwinCAT OS (ARMV7-M)
		{B8785161-7A75-4C2E-9F06-7BDE259F4F3D}.Debug|TwinCAT OS (ARMV8-A).ActiveCfg = Debug|TwinCAT OS (ARMV8-A)
		{B8785161-7A75-4C2E-9F06-7BDE259F4F3D}.Debug|TwinCAT OS (ARMV8-A).Build.0 = Debug|TwinCAT OS (ARMV8-A)
		{B8785161-7A75-4C2E-9F06-7BDE259F4F3D}.Debug|TwinCAT OS (x64).ActiveCfg = Debug|TwinCAT OS (x64)
		{B8785161-7A75-4C2E-9F06-7BDE259F4F3D}.Debug|TwinCAT OS (x64).Build.0 = Debug|TwinCAT OS (x64)
		{B8785161-7A75-4C2E-9F06-7BDE259F4F3D}.Debug|TwinCAT OS (x64-E).ActiveCfg = Debug|TwinCAT OS (x64-E)
		{B8785161-7A75-4C2E-9F06-7BDE259F4F3D}.Debug|TwinCAT OS (x64-E).Build.0 = Debug|TwinCAT OS (x64-E)
		{B8785161-7A75-4C2E-9F06-7BDE259F4F3D}.Debug|TwinCAT RT (x64).ActiveCfg = Debug|TwinCAT RT (x64)
		{B8785161-7A75-4C2E-9F06-7BDE259F4F3D}.Debug|TwinCAT RT (x64).Build.0 = Debug|TwinCAT RT (x64)
		{B8785161-7A75-4C2E-9F06-7BDE259F4F3D}.Debug|TwinCAT RT (x86).ActiveCfg = Debug|TwinCAT RT (x86)
		{B8785161-7A75-4C2E-9F06-7BDE259F4F3D}.Debug|TwinCAT RT (x86).Build.0 = Debug|TwinCAT RT (x86)
		{B8785161-7A75-4C2E-9F06-7BDE259F4F3D}.Release|TwinCAT OS (ARMV7-A).ActiveCfg = Release|TwinCAT OS (ARMV7-A)
		{B8785161-7A75-4C2E-9F06-7BDE259F4F3D}.Release|TwinCAT OS (ARMV7-A).Build.0 = Release|TwinCAT OS (ARMV7-A)
		{B8785161-7A75-4C2E-9F06-7BDE259F4F3D}.Release|TwinCAT OS (ARMV7-M).ActiveCfg = Release|TwinCAT OS (ARMV7-M)
		{B8785161-7A75-4C2E-9F06-7BDE259F4F3D}.Release|TwinCAT OS (ARMV7-M).Build.0 = Release|TwinCAT OS (ARMV7-M)
		{B8785161-7A75-4C2E-9F06-7BDE259F4F3D}.Release|TwinCAT OS (ARMV8-A).ActiveCfg = Release|TwinCAT OS (ARMV8-A)
		{B8785161-7A75-4C2E-9F06-7BDE259F4F3D}.Release|TwinCAT OS (ARMV8-A).Build.0 = Release|TwinCAT OS (ARMV8-A)
		{B8785161-7A75-4C2E-9F06-7BDE259F4F3D}.Release|TwinCAT OS (x64).ActiveCfg = Release|TwinCAT OS (x64)
		{B8785161-7A75-4C2E-9F06-7BDE259F4F3D}.Release|TwinCAT OS (x64).Build.0 = Release|TwinCAT OS (x64)
		{B8785161-7A75-4C2E-9F06-7BDE259F4F3D}.Release|TwinCAT OS (x64-E).ActiveCfg = Release|TwinCAT OS (x64-E)
		{B8785161-7A75-4C2E-9F06-7BDE259F4F3D}.Release|TwinCAT OS (x64-E).Build.0 = Release|TwinCAT OS (x64-E)
		{B8785161-7A75-4C2E-9F06-7BDE259F4F3D}.Release|TwinCAT RT (x64).ActiveCfg = Release|TwinCAT RT (x64)
		{B8785161-7A75-4C2E-9F06-7BDE259F4F3D}.Release|TwinCAT RT (x64).Build.0 = Release|TwinCAT RT (x64)
		{B8785161-7A75-4C2E-9F06-7BDE259F4F3D}.Release|TwinCAT RT (x86).ActiveCfg = Release|TwinCAT RT (x86)
		{B8785161-7A75-4C2E-9F06-7BDE259F4F3D}.Release|TwinCAT RT (x86).Build.0 = Release|TwinCAT RT (x86)
	EndGlobalSection
	GlobalSection(SolutionProperties) = preSolution
		HideSolutionNode = FALSE
	EndGlobalSection
	GlobalSection(ExtensibilityGlobals) = postSolution
		SolutionGuid = {E0D146C9-62B8-4EAD-8795-048A38D5D40A}
	EndGlobalSection
EndGlobal
